// !$*UTF8*$!
{
	archiveVersion = 1;
	classes = {
	};
	objectVersion = 46;
	objects = {

/* Begin PBXBuildFile section */
		832DCF9619E7884700B74948 /* KBNib.xib in Resources */ = {isa = PBXBuildFile; fileRef = 832DCF9519E7884700B74948 /* KBNib.xib */; };
		832DCF9819E7893000B74948 /* CustomKeyboardInterface.xib in Resources */ = {isa = PBXBuildFile; fileRef = 832DCF9719E7893000B74948 /* CustomKeyboardInterface.xib */; };
		832DCF9A19E7899600B74948 /* CustomKeyboardInterface.xib in Resources */ = {isa = PBXBuildFile; fileRef = 832DCF9919E7899600B74948 /* CustomKeyboardInterface.xib */; };
		8375639519DDF8660065330F /* AppDelegate.swift in Sources */ = {isa = PBXBuildFile; fileRef = 8375639419DDF8660065330F /* AppDelegate.swift */; };
		8375639819DDF8660065330F /* EmojiKeyboard.xcdatamodeld in Sources */ = {isa = PBXBuildFile; fileRef = 8375639619DDF8660065330F /* EmojiKeyboard.xcdatamodeld */; };
		8375639A19DDF8660065330F /* ViewController.swift in Sources */ = {isa = PBXBuildFile; fileRef = 8375639919DDF8660065330F /* ViewController.swift */; };
		8375639D19DDF8670065330F /* Main.storyboard in Resources */ = {isa = PBXBuildFile; fileRef = 8375639B19DDF8660065330F /* Main.storyboard */; };
		8375639F19DDF8670065330F /* Images.xcassets in Resources */ = {isa = PBXBuildFile; fileRef = 8375639E19DDF8670065330F /* Images.xcassets */; };
		837563A219DDF8670065330F /* LaunchScreen.xib in Resources */ = {isa = PBXBuildFile; fileRef = 837563A019DDF8670065330F /* LaunchScreen.xib */; };
		837563AE19DDF8670065330F /* EmojiKeyboardTests.swift in Sources */ = {isa = PBXBuildFile; fileRef = 837563AD19DDF8670065330F /* EmojiKeyboardTests.swift */; };
		837563C019DDF91A0065330F /* KeyboardViewController.swift in Sources */ = {isa = PBXBuildFile; fileRef = 837563BF19DDF91A0065330F /* KeyboardViewController.swift */; };
		837563C319DDF91A0065330F /* EmojiSelectKB.appex in Embed App Extensions */ = {isa = PBXBuildFile; fileRef = 837563BB19DDF91A0065330F /* EmojiSelectKB.appex */; settings = {ATTRIBUTES = (RemoveHeadersOnCopy, ); }; };
		837563CB19DDFD630065330F /* KBButton.swift in Sources */ = {isa = PBXBuildFile; fileRef = 837563CA19DDFD630065330F /* KBButton.swift */; };
		837563CD19DE21DC0065330F /* ButtonLayoutManager.swift in Sources */ = {isa = PBXBuildFile; fileRef = 837563CC19DE21DC0065330F /* ButtonLayoutManager.swift */; };
		837563CF19DE23690065330F /* ButtonLayoutSpec.swift in Sources */ = {isa = PBXBuildFile; fileRef = 837563CE19DE23690065330F /* ButtonLayoutSpec.swift */; };
		83ACDEBB19E23E920060EDA6 /* ButtonSpec.swift in Sources */ = {isa = PBXBuildFile; fileRef = 83ACDEBA19E23E920060EDA6 /* ButtonSpec.swift */; };
		83ACDEBD19E241070060EDA6 /* EmojiSelectionController.swift in Sources */ = {isa = PBXBuildFile; fileRef = 83ACDEBC19E241070060EDA6 /* EmojiSelectionController.swift */; };
		83ACDEBF19E2444A0060EDA6 /* EmojiRatingMap.swift in Sources */ = {isa = PBXBuildFile; fileRef = 83ACDEBE19E2444A0060EDA6 /* EmojiRatingMap.swift */; };
		83ACDEC219E30AA20060EDA6 /* EmojiTreeChoice.swift in Sources */ = {isa = PBXBuildFile; fileRef = 83ACDEC119E30AA20060EDA6 /* EmojiTreeChoice.swift */; };
		83ACDEC419E340BD0060EDA6 /* kittens.jpg in Resources */ = {isa = PBXBuildFile; fileRef = 83ACDEC319E340BD0060EDA6 /* kittens.jpg */; };
/* End PBXBuildFile section */

/* Begin PBXContainerItemProxy section */
		837563A819DDF8670065330F /* PBXContainerItemProxy */ = {
			isa = PBXContainerItemProxy;
			containerPortal = 8375638719DDF8660065330F /* Project object */;
			proxyType = 1;
			remoteGlobalIDString = 8375638E19DDF8660065330F;
			remoteInfo = EmojiKeyboard;
		};
		837563C119DDF91A0065330F /* PBXContainerItemProxy */ = {
			isa = PBXContainerItemProxy;
			containerPortal = 8375638719DDF8660065330F /* Project object */;
			proxyType = 1;
			remoteGlobalIDString = 837563BA19DDF91A0065330F;
			remoteInfo = EmojiSelectKB;
		};
		837563C419DDF91A0065330F /* PBXContainerItemProxy */ = {
			isa = PBXContainerItemProxy;
			containerPortal = 8375638719DDF8660065330F /* Project object */;
			proxyType = 1;
			remoteGlobalIDString = 837563BA19DDF91A0065330F;
			remoteInfo = EmojiSelectKB;
		};
/* End PBXContainerItemProxy section */

/* Begin PBXCopyFilesBuildPhase section */
		837563C919DDF91A0065330F /* Embed App Extensions */ = {
			isa = PBXCopyFilesBuildPhase;
			buildActionMask = 2147483647;
			dstPath = "";
			dstSubfolderSpec = 13;
			files = (
				837563C319DDF91A0065330F /* EmojiSelectKB.appex in Embed App Extensions */,
			);
			name = "Embed App Extensions";
			runOnlyForDeploymentPostprocessing = 0;
		};
/* End PBXCopyFilesBuildPhase section */

/* Begin PBXFileReference section */
		832DCF9519E7884700B74948 /* KBNib.xib */ = {isa = PBXFileReference; fileEncoding = 4; lastKnownFileType = file.xib; path = KBNib.xib; sourceTree = "<group>"; };
		832DCF9719E7893000B74948 /* CustomKeyboardInterface.xib */ = {isa = PBXFileReference; fileEncoding = 4; lastKnownFileType = file.xib; path = CustomKeyboardInterface.xib; sourceTree = "<group>"; };
		832DCF9919E7899600B74948 /* CustomKeyboardInterface.xib */ = {isa = PBXFileReference; fileEncoding = 4; lastKnownFileType = file.xib; path = CustomKeyboardInterface.xib; sourceTree = "<group>"; };
		8375638F19DDF8660065330F /* EmojiKeyboard.app */ = {isa = PBXFileReference; explicitFileType = wrapper.application; includeInIndex = 0; path = EmojiKeyboard.app; sourceTree = BUILT_PRODUCTS_DIR; };
		8375639319DDF8660065330F /* Info.plist */ = {isa = PBXFileReference; lastKnownFileType = text.plist.xml; path = Info.plist; sourceTree = "<group>"; };
		8375639419DDF8660065330F /* AppDelegate.swift */ = {isa = PBXFileReference; lastKnownFileType = sourcecode.swift; path = AppDelegate.swift; sourceTree = "<group>"; };
		8375639719DDF8660065330F /* EmojiKeyboard.xcdatamodel */ = {isa = PBXFileReference; lastKnownFileType = wrapper.xcdatamodel; path = EmojiKeyboard.xcdatamodel; sourceTree = "<group>"; };
		8375639919DDF8660065330F /* ViewController.swift */ = {isa = PBXFileReference; lastKnownFileType = sourcecode.swift; path = ViewController.swift; sourceTree = "<group>"; };
		8375639C19DDF8660065330F /* Base */ = {isa = PBXFileReference; lastKnownFileType = file.storyboard; name = Base; path = Base.lproj/Main.storyboard; sourceTree = "<group>"; };
		8375639E19DDF8670065330F /* Images.xcassets */ = {isa = PBXFileReference; lastKnownFileType = folder.assetcatalog; path = Images.xcassets; sourceTree = "<group>"; };
		837563A119DDF8670065330F /* Base */ = {isa = PBXFileReference; lastKnownFileType = file.xib; name = Base; path = Base.lproj/LaunchScreen.xib; sourceTree = "<group>"; };
		837563A719DDF8670065330F /* EmojiKeyboardTests.xctest */ = {isa = PBXFileReference; explicitFileType = wrapper.cfbundle; includeInIndex = 0; path = EmojiKeyboardTests.xctest; sourceTree = BUILT_PRODUCTS_DIR; };
		837563AC19DDF8670065330F /* Info.plist */ = {isa = PBXFileReference; lastKnownFileType = text.plist.xml; path = Info.plist; sourceTree = "<group>"; };
		837563AD19DDF8670065330F /* EmojiKeyboardTests.swift */ = {isa = PBXFileReference; lastKnownFileType = sourcecode.swift; path = EmojiKeyboardTests.swift; sourceTree = "<group>"; };
		837563BB19DDF91A0065330F /* EmojiSelectKB.appex */ = {isa = PBXFileReference; explicitFileType = "wrapper.app-extension"; includeInIndex = 0; path = EmojiSelectKB.appex; sourceTree = BUILT_PRODUCTS_DIR; };
		837563BE19DDF91A0065330F /* Info.plist */ = {isa = PBXFileReference; lastKnownFileType = text.plist.xml; path = Info.plist; sourceTree = "<group>"; };
		837563BF19DDF91A0065330F /* KeyboardViewController.swift */ = {isa = PBXFileReference; lastKnownFileType = sourcecode.swift; path = KeyboardViewController.swift; sourceTree = "<group>"; };
		837563CA19DDFD630065330F /* KBButton.swift */ = {isa = PBXFileReference; fileEncoding = 4; lastKnownFileType = sourcecode.swift; path = KBButton.swift; sourceTree = "<group>"; };
		837563CC19DE21DC0065330F /* ButtonLayoutManager.swift */ = {isa = PBXFileReference; fileEncoding = 4; lastKnownFileType = sourcecode.swift; path = ButtonLayoutManager.swift; sourceTree = "<group>"; };
		837563CE19DE23690065330F /* ButtonLayoutSpec.swift */ = {isa = PBXFileReference; fileEncoding = 4; lastKnownFileType = sourcecode.swift; path = ButtonLayoutSpec.swift; sourceTree = "<group>"; };
		83ACDEBA19E23E920060EDA6 /* ButtonSpec.swift */ = {isa = PBXFileReference; fileEncoding = 4; lastKnownFileType = sourcecode.swift; path = ButtonSpec.swift; sourceTree = "<group>"; };
		83ACDEBC19E241070060EDA6 /* EmojiSelectionController.swift */ = {isa = PBXFileReference; fileEncoding = 4; lastKnownFileType = sourcecode.swift; path = EmojiSelectionController.swift; sourceTree = "<group>"; };
		83ACDEBE19E2444A0060EDA6 /* EmojiRatingMap.swift */ = {isa = PBXFileReference; fileEncoding = 4; lastKnownFileType = sourcecode.swift; path = EmojiRatingMap.swift; sourceTree = "<group>"; };
		83ACDEC019E244620060EDA6 /* MyPlayground.playground */ = {isa = PBXFileReference; lastKnownFileType = file.playground; path = MyPlayground.playground; sourceTree = "<group>"; };
		83ACDEC119E30AA20060EDA6 /* EmojiTreeChoice.swift */ = {isa = PBXFileReference; fileEncoding = 4; lastKnownFileType = sourcecode.swift; path = EmojiTreeChoice.swift; sourceTree = "<group>"; };
		83ACDEC319E340BD0060EDA6 /* kittens.jpg */ = {isa = PBXFileReference; lastKnownFileType = image.jpeg; path = kittens.jpg; sourceTree = "<group>"; };
/* End PBXFileReference section */

/* Begin PBXFrameworksBuildPhase section */
		8375638C19DDF8660065330F /* Frameworks */ = {
			isa = PBXFrameworksBuildPhase;
			buildActionMask = 2147483647;
			files = (
			);
			runOnlyForDeploymentPostprocessing = 0;
		};
		837563A419DDF8670065330F /* Frameworks */ = {
			isa = PBXFrameworksBuildPhase;
			buildActionMask = 2147483647;
			files = (
			);
			runOnlyForDeploymentPostprocessing = 0;
		};
		837563B819DDF91A0065330F /* Frameworks */ = {
			isa = PBXFrameworksBuildPhase;
			buildActionMask = 2147483647;
			files = (
			);
			runOnlyForDeploymentPostprocessing = 0;
		};
/* End PBXFrameworksBuildPhase section */

/* Begin PBXGroup section */
		8375638619DDF8660065330F = {
			isa = PBXGroup;
			children = (
				8375639119DDF8660065330F /* EmojiKeyboard */,
				837563AA19DDF8670065330F /* EmojiKeyboardTests */,
				837563BC19DDF91A0065330F /* EmojiSelectKB */,
				8375639019DDF8660065330F /* Products */,
			);
			sourceTree = "<group>";
		};
		8375639019DDF8660065330F /* Products */ = {
			isa = PBXGroup;
			children = (
				8375638F19DDF8660065330F /* EmojiKeyboard.app */,
				837563A719DDF8670065330F /* EmojiKeyboardTests.xctest */,
				837563BB19DDF91A0065330F /* EmojiSelectKB.appex */,
			);
			name = Products;
			sourceTree = "<group>";
		};
		8375639119DDF8660065330F /* EmojiKeyboard */ = {
			isa = PBXGroup;
			children = (
				8375639419DDF8660065330F /* AppDelegate.swift */,
				8375639919DDF8660065330F /* ViewController.swift */,
				8375639B19DDF8660065330F /* Main.storyboard */,
				832DCF9519E7884700B74948 /* KBNib.xib */,
				832DCF9719E7893000B74948 /* CustomKeyboardInterface.xib */,
				8375639E19DDF8670065330F /* Images.xcassets */,
				837563A019DDF8670065330F /* LaunchScreen.xib */,
				8375639619DDF8660065330F /* EmojiKeyboard.xcdatamodeld */,
				8375639219DDF8660065330F /* Supporting Files */,
			);
			path = EmojiKeyboard;
			sourceTree = "<group>";
		};
		8375639219DDF8660065330F /* Supporting Files */ = {
			isa = PBXGroup;
			children = (
				83ACDEC319E340BD0060EDA6 /* kittens.jpg */,
				8375639319DDF8660065330F /* Info.plist */,
			);
			name = "Supporting Files";
			sourceTree = "<group>";
		};
		837563AA19DDF8670065330F /* EmojiKeyboardTests */ = {
			isa = PBXGroup;
			children = (
				837563AD19DDF8670065330F /* EmojiKeyboardTests.swift */,
				837563AB19DDF8670065330F /* Supporting Files */,
			);
			path = EmojiKeyboardTests;
			sourceTree = "<group>";
		};
		837563AB19DDF8670065330F /* Supporting Files */ = {
			isa = PBXGroup;
			children = (
				837563AC19DDF8670065330F /* Info.plist */,
			);
			name = "Supporting Files";
			sourceTree = "<group>";
		};
		837563BC19DDF91A0065330F /* EmojiSelectKB */ = {
			isa = PBXGroup;
			children = (
				837563BF19DDF91A0065330F /* KeyboardViewController.swift */,
				83ACDEBA19E23E920060EDA6 /* ButtonSpec.swift */,
				83ACDEBC19E241070060EDA6 /* EmojiSelectionController.swift */,
				83ACDEBE19E2444A0060EDA6 /* EmojiRatingMap.swift */,
				83ACDEC119E30AA20060EDA6 /* EmojiTreeChoice.swift */,
				83ACDEC019E244620060EDA6 /* MyPlayground.playground */,
				837563CC19DE21DC0065330F /* ButtonLayoutManager.swift */,
				837563CE19DE23690065330F /* ButtonLayoutSpec.swift */,
				837563CA19DDFD630065330F /* KBButton.swift */,
				837563BD19DDF91A0065330F /* Supporting Files */,
				832DCF9919E7899600B74948 /* CustomKeyboardInterface.xib */,
			);
			path = EmojiSelectKB;
			sourceTree = "<group>";
		};
		837563BD19DDF91A0065330F /* Supporting Files */ = {
			isa = PBXGroup;
			children = (
				837563BE19DDF91A0065330F /* Info.plist */,
			);
			name = "Supporting Files";
			sourceTree = "<group>";
		};
/* End PBXGroup section */

/* Begin PBXNativeTarget section */
		8375638E19DDF8660065330F /* EmojiKeyboard */ = {
			isa = PBXNativeTarget;
			buildConfigurationList = 837563B119DDF8670065330F /* Build configuration list for PBXNativeTarget "EmojiKeyboard" */;
			buildPhases = (
				8375638B19DDF8660065330F /* Sources */,
				8375638C19DDF8660065330F /* Frameworks */,
				8375638D19DDF8660065330F /* Resources */,
				837563C919DDF91A0065330F /* Embed App Extensions */,
			);
			buildRules = (
			);
			dependencies = (
				837563C219DDF91A0065330F /* PBXTargetDependency */,
				837563C519DDF91A0065330F /* PBXTargetDependency */,
			);
			name = EmojiKeyboard;
			productName = EmojiKeyboard;
			productReference = 8375638F19DDF8660065330F /* EmojiKeyboard.app */;
			productType = "com.apple.product-type.application";
		};
		837563A619DDF8670065330F /* EmojiKeyboardTests */ = {
			isa = PBXNativeTarget;
			buildConfigurationList = 837563B419DDF8670065330F /* Build configuration list for PBXNativeTarget "EmojiKeyboardTests" */;
			buildPhases = (
				837563A319DDF8670065330F /* Sources */,
				837563A419DDF8670065330F /* Frameworks */,
				837563A519DDF8670065330F /* Resources */,
			);
			buildRules = (
			);
			dependencies = (
				837563A919DDF8670065330F /* PBXTargetDependency */,
			);
			name = EmojiKeyboardTests;
			productName = EmojiKeyboardTests;
			productReference = 837563A719DDF8670065330F /* EmojiKeyboardTests.xctest */;
			productType = "com.apple.product-type.bundle.unit-test";
		};
		837563BA19DDF91A0065330F /* EmojiSelectKB */ = {
			isa = PBXNativeTarget;
			buildConfigurationList = 837563C819DDF91A0065330F /* Build configuration list for PBXNativeTarget "EmojiSelectKB" */;
			buildPhases = (
				837563B719DDF91A0065330F /* Sources */,
				837563B819DDF91A0065330F /* Frameworks */,
				837563B919DDF91A0065330F /* Resources */,
			);
			buildRules = (
			);
			dependencies = (
			);
			name = EmojiSelectKB;
			productName = EmojiSelectKB;
			productReference = 837563BB19DDF91A0065330F /* EmojiSelectKB.appex */;
			productType = "com.apple.product-type.app-extension";
		};
/* End PBXNativeTarget section */

/* Begin PBXProject section */
		8375638719DDF8660065330F /* Project object */ = {
			isa = PBXProject;
			attributes = {
				LastUpgradeCheck = 0600;
				ORGANIZATIONNAME = "Chris Barker";
				TargetAttributes = {
					8375638E19DDF8660065330F = {
						CreatedOnToolsVersion = 6.0;
					};
					837563A619DDF8670065330F = {
						CreatedOnToolsVersion = 6.0;
						TestTargetID = 8375638E19DDF8660065330F;
					};
					837563BA19DDF91A0065330F = {
						CreatedOnToolsVersion = 6.0;
					};
				};
			};
			buildConfigurationList = 8375638A19DDF8660065330F /* Build configuration list for PBXProject "EmojiKeyboard" */;
			compatibilityVersion = "Xcode 3.2";
			developmentRegion = English;
			hasScannedForEncodings = 0;
			knownRegions = (
				en,
				Base,
			);
			mainGroup = 8375638619DDF8660065330F;
			productRefGroup = 8375639019DDF8660065330F /* Products */;
			projectDirPath = "";
			projectRoot = "";
			targets = (
				8375638E19DDF8660065330F /* EmojiKeyboard */,
				837563A619DDF8670065330F /* EmojiKeyboardTests */,
				837563BA19DDF91A0065330F /* EmojiSelectKB */,
			);
		};
/* End PBXProject section */

/* Begin PBXResourcesBuildPhase section */
		8375638D19DDF8660065330F /* Resources */ = {
			isa = PBXResourcesBuildPhase;
			buildActionMask = 2147483647;
			files = (
				8375639D19DDF8670065330F /* Main.storyboard in Resources */,
				83ACDEC419E340BD0060EDA6 /* kittens.jpg in Resources */,
				837563A219DDF8670065330F /* LaunchScreen.xib in Resources */,
				832DCF9619E7884700B74948 /* KBNib.xib in Resources */,
				8375639F19DDF8670065330F /* Images.xcassets in Resources */,
				832DCF9819E7893000B74948 /* CustomKeyboardInterface.xib in Resources */,
			);
			runOnlyForDeploymentPostprocessing = 0;
		};
		837563A519DDF8670065330F /* Resources */ = {
			isa = PBXResourcesBuildPhase;
			buildActionMask = 2147483647;
			files = (
			);
			runOnlyForDeploymentPostprocessing = 0;
		};
		837563B919DDF91A0065330F /* Resources */ = {
			isa = PBXResourcesBuildPhase;
			buildActionMask = 2147483647;
			files = (
				832DCF9A19E7899600B74948 /* CustomKeyboardInterface.xib in Resources */,
			);
			runOnlyForDeploymentPostprocessing = 0;
		};
/* End PBXResourcesBuildPhase section */

/* Begin PBXSourcesBuildPhase section */
		8375638B19DDF8660065330F /* Sources */ = {
			isa = PBXSourcesBuildPhase;
			buildActionMask = 2147483647;
			files = (
				8375639A19DDF8660065330F /* ViewController.swift in Sources */,
				8375639519DDF8660065330F /* AppDelegate.swift in Sources */,
				8375639819DDF8660065330F /* EmojiKeyboard.xcdatamodeld in Sources */,
			);
			runOnlyForDeploymentPostprocessing = 0;
		};
		837563A319DDF8670065330F /* Sources */ = {
			isa = PBXSourcesBuildPhase;
			buildActionMask = 2147483647;
			files = (
				837563AE19DDF8670065330F /* EmojiKeyboardTests.swift in Sources */,
			);
			runOnlyForDeploymentPostprocessing = 0;
		};
		837563B719DDF91A0065330F /* Sources */ = {
			isa = PBXSourcesBuildPhase;
			buildActionMask = 2147483647;
			files = (
				837563CB19DDFD630065330F /* KBButton.swift in Sources */,
				83ACDEBD19E241070060EDA6 /* EmojiSelectionController.swift in Sources */,
				83ACDEBF19E2444A0060EDA6 /* EmojiRatingMap.swift in Sources */,
				83ACDEBB19E23E920060EDA6 /* ButtonSpec.swift in Sources */,
				837563C019DDF91A0065330F /* KeyboardViewController.swift in Sources */,
				837563CF19DE23690065330F /* ButtonLayoutSpec.swift in Sources */,
				837563CD19DE21DC0065330F /* ButtonLayoutManager.swift in Sources */,
				83ACDEC219E30AA20060EDA6 /* EmojiTreeChoice.swift in Sources */,
			);
			runOnlyForDeploymentPostprocessing = 0;
		};
/* End PBXSourcesBuildPhase section */

/* Begin PBXTargetDependency section */
		837563A919DDF8670065330F /* PBXTargetDependency */ = {
			isa = PBXTargetDependency;
			target = 8375638E19DDF8660065330F /* EmojiKeyboard */;
			targetProxy = 837563A819DDF8670065330F /* PBXContainerItemProxy */;
		};
		837563C219DDF91A0065330F /* PBXTargetDependency */ = {
			isa = PBXTargetDependency;
			target = 837563BA19DDF91A0065330F /* EmojiSelectKB */;
			targetProxy = 837563C119DDF91A0065330F /* PBXContainerItemProxy */;
		};
		837563C519DDF91A0065330F /* PBXTargetDependency */ = {
			isa = PBXTargetDependency;
			target = 837563BA19DDF91A0065330F /* EmojiSelectKB */;
			targetProxy = 837563C419DDF91A0065330F /* PBXContainerItemProxy */;
		};
/* End PBXTargetDependency section */

/* Begin PBXVariantGroup section */
		8375639B19DDF8660065330F /* Main.storyboard */ = {
			isa = PBXVariantGroup;
			children = (
				8375639C19DDF8660065330F /* Base */,
			);
			name = Main.storyboard;
			sourceTree = "<group>";
		};
		837563A019DDF8670065330F /* LaunchScreen.xib */ = {
			isa = PBXVariantGroup;
			children = (
				837563A119DDF8670065330F /* Base */,
			);
			name = LaunchScreen.xib;
			sourceTree = "<group>";
		};
/* End PBXVariantGroup section */

/* Begin XCBuildConfiguration section */
		837563AF19DDF8670065330F /* Debug */ = {
			isa = XCBuildConfiguration;
			buildSettings = {
				ALWAYS_SEARCH_USER_PATHS = NO;
				CLANG_CXX_LANGUAGE_STANDARD = "gnu++0x";
				CLANG_CXX_LIBRARY = "libc++";
				CLANG_ENABLE_MODULES = YES;
				CLANG_ENABLE_OBJC_ARC = YES;
				CLANG_WARN_BOOL_CONVERSION = YES;
				CLANG_WARN_CONSTANT_CONVERSION = YES;
				CLANG_WARN_DIRECT_OBJC_ISA_USAGE = YES_ERROR;
				CLANG_WARN_EMPTY_BODY = YES;
				CLANG_WARN_ENUM_CONVERSION = YES;
				CLANG_WARN_INT_CONVERSION = YES;
				CLANG_WARN_OBJC_ROOT_CLASS = YES_ERROR;
				CLANG_WARN_UNREACHABLE_CODE = YES;
				CLANG_WARN__DUPLICATE_METHOD_MATCH = YES;
				"CODE_SIGN_IDENTITY[sdk=iphoneos*]" = "iPhone Developer";
				COPY_PHASE_STRIP = NO;
				ENABLE_STRICT_OBJC_MSGSEND = YES;
				GCC_C_LANGUAGE_STANDARD = gnu99;
				GCC_DYNAMIC_NO_PIC = NO;
				GCC_OPTIMIZATION_LEVEL = 0;
				GCC_PREPROCESSOR_DEFINITIONS = (
					"DEBUG=1",
					"$(inherited)",
				);
				GCC_SYMBOLS_PRIVATE_EXTERN = NO;
				GCC_WARN_64_TO_32_BIT_CONVERSION = YES;
				GCC_WARN_ABOUT_RETURN_TYPE = YES_ERROR;
				GCC_WARN_UNDECLARED_SELECTOR = YES;
				GCC_WARN_UNINITIALIZED_AUTOS = YES_AGGRESSIVE;
				GCC_WARN_UNUSED_FUNCTION = YES;
				GCC_WARN_UNUSED_VARIABLE = YES;
				IPHONEOS_DEPLOYMENT_TARGET = 8.0;
				MTL_ENABLE_DEBUG_INFO = YES;
				ONLY_ACTIVE_ARCH = YES;
				SDKROOT = iphoneos;
				SWIFT_OPTIMIZATION_LEVEL = "-Onone";
			};
			name = Debug;
		};
		837563B019DDF8670065330F /* Release */ = {
			isa = XCBuildConfiguration;
			buildSettings = {
				ALWAYS_SEARCH_USER_PATHS = NO;
				CLANG_CXX_LANGUAGE_STANDARD = "gnu++0x";
				CLANG_CXX_LIBRARY = "libc++";
				CLANG_ENABLE_MODULES = YES;
				CLANG_ENABLE_OBJC_ARC = YES;
				CLANG_WARN_BOOL_CONVERSION = YES;
				CLANG_WARN_CONSTANT_CONVERSION = YES;
				CLANG_WARN_DIRECT_OBJC_ISA_USAGE = YES_ERROR;
				CLANG_WARN_EMPTY_BODY = YES;
				CLANG_WARN_ENUM_CONVERSION = YES;
				CLANG_WARN_INT_CONVERSION = YES;
				CLANG_WARN_OBJC_ROOT_CLASS = YES_ERROR;
				CLANG_WARN_UNREACHABLE_CODE = YES;
				CLANG_WARN__DUPLICATE_METHOD_MATCH = YES;
				"CODE_SIGN_IDENTITY[sdk=iphoneos*]" = "iPhone Developer";
				COPY_PHASE_STRIP = YES;
				ENABLE_NS_ASSERTIONS = NO;
				ENABLE_STRICT_OBJC_MSGSEND = YES;
				GCC_C_LANGUAGE_STANDARD = gnu99;
				GCC_WARN_64_TO_32_BIT_CONVERSION = YES;
				GCC_WARN_ABOUT_RETURN_TYPE = YES_ERROR;
				GCC_WARN_UNDECLARED_SELECTOR = YES;
				GCC_WARN_UNINITIALIZED_AUTOS = YES_AGGRESSIVE;
				GCC_WARN_UNUSED_FUNCTION = YES;
				GCC_WARN_UNUSED_VARIABLE = YES;
				IPHONEOS_DEPLOYMENT_TARGET = 8.0;
				MTL_ENABLE_DEBUG_INFO = NO;
				SDKROOT = iphoneos;
				VALIDATE_PRODUCT = YES;
			};
			name = Release;
		};
		837563B219DDF8670065330F /* Debug */ = {
			isa = XCBuildConfiguration;
			buildSettings = {
				ASSETCATALOG_COMPILER_APPICON_NAME = AppIcon;
				INFOPLIST_FILE = EmojiKeyboard/Info.plist;
				LD_RUNPATH_SEARCH_PATHS = "$(inherited) @executable_path/Frameworks";
				PRODUCT_NAME = "$(TARGET_NAME)";
			};
			name = Debug;
		};
		837563B319DDF8670065330F /* Release */ = {
			isa = XCBuildConfiguration;
			buildSettings = {
				ASSETCATALOG_COMPILER_APPICON_NAME = AppIcon;
				INFOPLIST_FILE = EmojiKeyboard/Info.plist;
				LD_RUNPATH_SEARCH_PATHS = "$(inherited) @executable_path/Frameworks";
				PRODUCT_NAME = "$(TARGET_NAME)";
			};
			name = Release;
		};
		837563B519DDF8670065330F /* Debug */ = {
			isa = XCBuildConfiguration;
			buildSettings = {
				BUNDLE_LOADER = "$(TEST_HOST)";
				FRAMEWORK_SEARCH_PATHS = (
					"$(SDKROOT)/Developer/Library/Frameworks",
					"$(inherited)",
				);
				GCC_PREPROCESSOR_DEFINITIONS = (
					"DEBUG=1",
					"$(inherited)",
				);
				INFOPLIST_FILE = EmojiKeyboardTests/Info.plist;
				LD_RUNPATH_SEARCH_PATHS = "$(inherited) @executable_path/Frameworks @loader_path/Frameworks";
				PRODUCT_NAME = "$(TARGET_NAME)";
				TEST_HOST = "$(BUILT_PRODUCTS_DIR)/EmojiKeyboard.app/EmojiKeyboard";
			};
			name = Debug;
		};
		837563B619DDF8670065330F /* Release */ = {
			isa = XCBuildConfiguration;
			buildSettings = {
				BUNDLE_LOADER = "$(TEST_HOST)";
				FRAMEWORK_SEARCH_PATHS = (
					"$(SDKROOT)/Developer/Library/Frameworks",
					"$(inherited)",
				);
				INFOPLIST_FILE = EmojiKeyboardTests/Info.plist;
				LD_RUNPATH_SEARCH_PATHS = "$(inherited) @executable_path/Frameworks @loader_path/Frameworks";
				PRODUCT_NAME = "$(TARGET_NAME)";
				TEST_HOST = "$(BUILT_PRODUCTS_DIR)/EmojiKeyboard.app/EmojiKeyboard";
			};
			name = Release;
		};
		837563C619DDF91A0065330F /* Debug */ = {
			isa = XCBuildConfiguration;
			buildSettings = {
				GCC_PREPROCESSOR_DEFINITIONS = (
					"DEBUG=1",
					"$(inherited)",
				);
				INFOPLIST_FILE = EmojiSelectKB/Info.plist;
				LD_RUNPATH_SEARCH_PATHS = "$(inherited) @executable_path/Frameworks @executable_path/../../Frameworks";
				PRODUCT_NAME = "$(TARGET_NAME)";
				SKIP_INSTALL = YES;
			};
			name = Debug;
		};
		837563C719DDF91A0065330F /* Release */ = {
			isa = XCBuildConfiguration;
			buildSettings = {
				INFOPLIST_FILE = EmojiSelectKB/Info.plist;
				LD_RUNPATH_SEARCH_PATHS = "$(inherited) @executable_path/Frameworks @executable_path/../../Frameworks";
				PRODUCT_NAME = "$(TARGET_NAME)";
				SKIP_INSTALL = YES;
			};
			name = Release;
		};
/* End XCBuildConfiguration section */

/* Begin XCConfigurationList section */
		8375638A19DDF8660065330F /* Build configuration list for PBXProject "EmojiKeyboard" */ = {
			isa = XCConfigurationList;
			buildConfigurations = (
				837563AF19DDF8670065330F /* Debug */,
				837563B019DDF8670065330F /* Release */,
			);
			defaultConfigurationIsVisible = 0;
			defaultConfigurationName = Release;
		};
		837563B119DDF8670065330F /* Build configuration list for PBXNativeTarget "EmojiKeyboard" */ = {
			isa = XCConfigurationList;
			buildConfigurations = (
				837563B219DDF8670065330F /* Debug */,
				837563B319DDF8670065330F /* Release */,
			);
			defaultConfigurationIsVisible = 0;
			defaultConfigurationName = Release;
		};
		837563B419DDF8670065330F /* Build configuration list for PBXNativeTarget "EmojiKeyboardTests" */ = {
			isa = XCConfigurationList;
			buildConfigurations = (
				837563B519DDF8670065330F /* Debug */,
				837563B619DDF8670065330F /* Release */,
			);
			defaultConfigurationIsVisible = 0;
			defaultConfigurationName = Release;
		};
		837563C819DDF91A0065330F /* Build configuration list for PBXNativeTarget "EmojiSelectKB" */ = {
			isa = XCConfigurationList;
			buildConfigurations = (
				837563C619DDF91A0065330F /* Debug */,
				837563C719DDF91A0065330F /* Release */,
			);
			defaultConfigurationIsVisible = 0;
			defaultConfigurationName = Release;
		};
/* End XCConfigurationList section */

/* Begin XCVersionGroup section */
		8375639619DDF8660065330F /* EmojiKeyboard.xcdatamodeld */ = {
			isa = XCVersionGroup;
			children = (
				8375639719DDF8660065330F /* EmojiKeyboard.xcdatamodel */,
			);
			currentVersion = 8375639719DDF8660065330F /* EmojiKeyboard.xcdatamodel */;
			path = EmojiKeyboard.xcdatamodeld;
			sourceTree = "<group>";
			versionGroupType = wrapper.xcdatamodel;
		};
/* End XCVersionGroup section */
	};
	rootObject = 8375638719DDF8660065330F /* Project object */;
}
